
Microsoft Visual Studio Solution File, Format Version 12.00
# Visual Studio Version 17
VisualStudioVersion = 17.6.33712.159
MinimumVisualStudioVersion = 10.0.40219.1
Project("{9A19103F-16F7-4668-BE54-9A1E7A4F7556}") = "01.DefiningClasses", "01.DefiningClasses\01.DefiningClasses.csproj", "{454E8E5C-838C-46B5-98EE-CB2B7AC4FAC1}"
EndProject
Project("{9A19103F-16F7-4668-BE54-9A1E7A4F7556}") = "02.CreatingConstructors", "02.CreatingConstructors\02.CreatingConstructors.csproj", "{C1DDF7FE-5883-4CDF-AED9-5F0D2D8D8973}"
EndProject
Project("{FAE04EC0-301F-11D3-BF4B-00C04F79EFBC}") = "03.OldestFamilyMember", "03.OldestFamilyMember\03.OldestFamilyMember.csproj", "{6E227B26-37E9-4A9E-8320-6D856D1A105C}"
EndProject
Project("{FAE04EC0-301F-11D3-BF4B-00C04F79EFBC}") = "04.OpinionPoll", "04.OpinionPoll\04.OpinionPoll.csproj", "{BC99B4F0-15C2-4147-A79B-582EFCDA7E63}"
EndProject
Project("{FAE04EC0-301F-11D3-BF4B-00C04F79EFBC}") = "06.SpeedRacing", "06.SpeedRacing\06.SpeedRacing.csproj", "{514F93F7-DD4A-4F26-81E3-FCE4885E9453}"
EndProject
Project("{FAE04EC0-301F-11D3-BF4B-00C04F79EFBC}") = "07.RawData", "07.RawData\07.RawData.csproj", "{1FE80DDA-9D6B-4DEA-9758-7E5F82B4736C}"
EndProject
Project("{FAE04EC0-301F-11D3-BF4B-00C04F79EFBC}") = "08.CarSalesman", "08.CarSalesman\08.CarSalesman.csproj", "{21989F72-17DF-44D2-B8DB-3E627C15E5F9}"
EndProject
Project("{FAE04EC0-301F-11D3-BF4B-00C04F79EFBC}") = "09.PokemonTrainer", "09.PokemonTrainer\09.PokemonTrainer.csproj", "{D3E48B19-5C1C-45D7-9C79-8DC80B27B2BA}"
EndProject
Global
	GlobalSection(SolutionConfigurationPlatforms) = preSolution
		Debug|Any CPU = Debug|Any CPU
		Release|Any CPU = Release|Any CPU
	EndGlobalSection
	GlobalSection(ProjectConfigurationPlatforms) = postSolution
		{454E8E5C-838C-46B5-98EE-CB2B7AC4FAC1}.Debug|Any CPU.ActiveCfg = Debug|Any CPU
		{454E8E5C-838C-46B5-98EE-CB2B7AC4FAC1}.Debug|Any CPU.Build.0 = Debug|Any CPU
		{454E8E5C-838C-46B5-98EE-CB2B7AC4FAC1}.Release|Any CPU.ActiveCfg = Release|Any CPU
		{454E8E5C-838C-46B5-98EE-CB2B7AC4FAC1}.Release|Any CPU.Build.0 = Release|Any CPU
		{C1DDF7FE-5883-4CDF-AED9-5F0D2D8D8973}.Debug|Any CPU.ActiveCfg = Debug|Any CPU
		{C1DDF7FE-5883-4CDF-AED9-5F0D2D8D8973}.Debug|Any CPU.Build.0 = Debug|Any CPU
		{C1DDF7FE-5883-4CDF-AED9-5F0D2D8D8973}.Release|Any CPU.ActiveCfg = Release|Any CPU
		{C1DDF7FE-5883-4CDF-AED9-5F0D2D8D8973}.Release|Any CPU.Build.0 = Release|Any CPU
		{6E227B26-37E9-4A9E-8320-6D856D1A105C}.Debug|Any CPU.ActiveCfg = Debug|Any CPU
		{6E227B26-37E9-4A9E-8320-6D856D1A105C}.Debug|Any CPU.Build.0 = Debug|Any CPU
		{6E227B26-37E9-4A9E-8320-6D856D1A105C}.Release|Any CPU.ActiveCfg = Release|Any CPU
		{6E227B26-37E9-4A9E-8320-6D856D1A105C}.Release|Any CPU.Build.0 = Release|Any CPU
		{BC99B4F0-15C2-4147-A79B-582EFCDA7E63}.Debug|Any CPU.ActiveCfg = Debug|Any CPU
		{BC99B4F0-15C2-4147-A79B-582EFCDA7E63}.Debug|Any CPU.Build.0 = Debug|Any CPU
		{BC99B4F0-15C2-4147-A79B-582EFCDA7E63}.Release|Any CPU.ActiveCfg = Release|Any CPU
		{BC99B4F0-15C2-4147-A79B-582EFCDA7E63}.Release|Any CPU.Build.0 = Release|Any CPU
		{514F93F7-DD4A-4F26-81E3-FCE4885E9453}.Debug|Any CPU.ActiveCfg = Debug|Any CPU
		{514F93F7-DD4A-4F26-81E3-FCE4885E9453}.Debug|Any CPU.Build.0 = Debug|Any CPU
		{514F93F7-DD4A-4F26-81E3-FCE4885E9453}.Release|Any CPU.ActiveCfg = Release|Any CPU
		{514F93F7-DD4A-4F26-81E3-FCE4885E9453}.Release|Any CPU.Build.0 = Release|Any CPU
		{1FE80DDA-9D6B-4DEA-9758-7E5F82B4736C}.Debug|Any CPU.ActiveCfg = Debug|Any CPU
		{1FE80DDA-9D6B-4DEA-9758-7E5F82B4736C}.Debug|Any CPU.Build.0 = Debug|Any CPU
		{1FE80DDA-9D6B-4DEA-9758-7E5F82B4736C}.Release|Any CPU.ActiveCfg = Release|Any CPU
		{1FE80DDA-9D6B-4DEA-9758-7E5F82B4736C}.Release|Any CPU.Build.0 = Release|Any CPU
		{21989F72-17DF-44D2-B8DB-3E627C15E5F9}.Debug|Any CPU.ActiveCfg = Debug|Any CPU
		{21989F72-17DF-44D2-B8DB-3E627C15E5F9}.Debug|Any CPU.Build.0 = Debug|Any CPU
		{21989F72-17DF-44D2-B8DB-3E627C15E5F9}.Release|Any CPU.ActiveCfg = Release|Any CPU
		{21989F72-17DF-44D2-B8DB-3E627C15E5F9}.Release|Any CPU.Build.0 = Release|Any CPU
		{D3E48B19-5C1C-45D7-9C79-8DC80B27B2BA}.Debug|Any CPU.ActiveCfg = Debug|Any CPU
		{D3E48B19-5C1C-45D7-9C79-8DC80B27B2BA}.Debug|Any CPU.Build.0 = Debug|Any CPU
		{D3E48B19-5C1C-45D7-9C79-8DC80B27B2BA}.Release|Any CPU.ActiveCfg = Release|Any CPU
		{D3E48B19-5C1C-45D7-9C79-8DC80B27B2BA}.Release|Any CPU.Build.0 = Release|Any CPU
	EndGlobalSection
	GlobalSection(SolutionProperties) = preSolution
		HideSolutionNode = FALSE
	EndGlobalSection
	GlobalSection(ExtensibilityGlobals) = postSolution
		SolutionGuid = {74E7D655-BC72-427D-9D33-C5ABCC3FAD0F}
	EndGlobalSection
EndGlobal
