
Microsoft Visual Studio Solution File, Format Version 12.00
# Visual Studio Version 17
VisualStudioVersion = 17.6.33712.159
MinimumVisualStudioVersion = 10.0.40219.1
Project("{9A19103F-16F7-4668-BE54-9A1E7A4F7556}") = "01.DiagonalDifference", "01.DiagonalDifference\01.DiagonalDifference.csproj", "{C8B22E16-AFCC-45D0-9595-A7052377AB18}"
EndProject
Project("{9A19103F-16F7-4668-BE54-9A1E7A4F7556}") = "02.SquaresInMatrix", "02.SquaresInMatrix\02.SquaresInMatrix.csproj", "{BF7C71BA-0073-42E4-91CD-DF8914A8A386}"
EndProject
Project("{9A19103F-16F7-4668-BE54-9A1E7A4F7556}") = "03.MaximalSum", "03.MaximalSum\03.MaximalSum.csproj", "{C7D7F357-A30D-4147-96F6-F2629BEA4F32}"
EndProject
Project("{9A19103F-16F7-4668-BE54-9A1E7A4F7556}") = "04.MatrixShuffling", "04.MatrixShuffling\04.MatrixShuffling.csproj", "{1D327D8A-69BD-42BA-BF49-33F9EE0B1BE8}"
EndProject
Project("{9A19103F-16F7-4668-BE54-9A1E7A4F7556}") = "05.SnakeMoves", "05.SnakeMoves\05.SnakeMoves.csproj", "{71B7F1A7-658C-4C46-A9D7-9D7FD8101F4F}"
EndProject
Project("{FAE04EC0-301F-11D3-BF4B-00C04F79EFBC}") = "06.JaggedArrayManipulator", "06.JaggedArrayManipulator\06.JaggedArrayManipulator.csproj", "{C6167FF4-8A08-41A7-9634-E6B7588990AE}"
EndProject
Project("{FAE04EC0-301F-11D3-BF4B-00C04F79EFBC}") = "07.KnightGame", "07.KnightGame\07.KnightGame.csproj", "{FA2EC91E-DB5E-423C-8B46-5AFA21B435A7}"
EndProject
Global
	GlobalSection(SolutionConfigurationPlatforms) = preSolution
		Debug|Any CPU = Debug|Any CPU
		Release|Any CPU = Release|Any CPU
	EndGlobalSection
	GlobalSection(ProjectConfigurationPlatforms) = postSolution
		{C8B22E16-AFCC-45D0-9595-A7052377AB18}.Debug|Any CPU.ActiveCfg = Debug|Any CPU
		{C8B22E16-AFCC-45D0-9595-A7052377AB18}.Debug|Any CPU.Build.0 = Debug|Any CPU
		{C8B22E16-AFCC-45D0-9595-A7052377AB18}.Release|Any CPU.ActiveCfg = Release|Any CPU
		{C8B22E16-AFCC-45D0-9595-A7052377AB18}.Release|Any CPU.Build.0 = Release|Any CPU
		{BF7C71BA-0073-42E4-91CD-DF8914A8A386}.Debug|Any CPU.ActiveCfg = Debug|Any CPU
		{BF7C71BA-0073-42E4-91CD-DF8914A8A386}.Debug|Any CPU.Build.0 = Debug|Any CPU
		{BF7C71BA-0073-42E4-91CD-DF8914A8A386}.Release|Any CPU.ActiveCfg = Release|Any CPU
		{BF7C71BA-0073-42E4-91CD-DF8914A8A386}.Release|Any CPU.Build.0 = Release|Any CPU
		{C7D7F357-A30D-4147-96F6-F2629BEA4F32}.Debug|Any CPU.ActiveCfg = Debug|Any CPU
		{C7D7F357-A30D-4147-96F6-F2629BEA4F32}.Debug|Any CPU.Build.0 = Debug|Any CPU
		{C7D7F357-A30D-4147-96F6-F2629BEA4F32}.Release|Any CPU.ActiveCfg = Release|Any CPU
		{C7D7F357-A30D-4147-96F6-F2629BEA4F32}.Release|Any CPU.Build.0 = Release|Any CPU
		{1D327D8A-69BD-42BA-BF49-33F9EE0B1BE8}.Debug|Any CPU.ActiveCfg = Debug|Any CPU
		{1D327D8A-69BD-42BA-BF49-33F9EE0B1BE8}.Debug|Any CPU.Build.0 = Debug|Any CPU
		{1D327D8A-69BD-42BA-BF49-33F9EE0B1BE8}.Release|Any CPU.ActiveCfg = Release|Any CPU
		{1D327D8A-69BD-42BA-BF49-33F9EE0B1BE8}.Release|Any CPU.Build.0 = Release|Any CPU
		{71B7F1A7-658C-4C46-A9D7-9D7FD8101F4F}.Debug|Any CPU.ActiveCfg = Debug|Any CPU
		{71B7F1A7-658C-4C46-A9D7-9D7FD8101F4F}.Debug|Any CPU.Build.0 = Debug|Any CPU
		{71B7F1A7-658C-4C46-A9D7-9D7FD8101F4F}.Release|Any CPU.ActiveCfg = Release|Any CPU
		{71B7F1A7-658C-4C46-A9D7-9D7FD8101F4F}.Release|Any CPU.Build.0 = Release|Any CPU
		{C6167FF4-8A08-41A7-9634-E6B7588990AE}.Debug|Any CPU.ActiveCfg = Debug|Any CPU
		{C6167FF4-8A08-41A7-9634-E6B7588990AE}.Debug|Any CPU.Build.0 = Debug|Any CPU
		{C6167FF4-8A08-41A7-9634-E6B7588990AE}.Release|Any CPU.ActiveCfg = Release|Any CPU
		{C6167FF4-8A08-41A7-9634-E6B7588990AE}.Release|Any CPU.Build.0 = Release|Any CPU
		{FA2EC91E-DB5E-423C-8B46-5AFA21B435A7}.Debug|Any CPU.ActiveCfg = Debug|Any CPU
		{FA2EC91E-DB5E-423C-8B46-5AFA21B435A7}.Debug|Any CPU.Build.0 = Debug|Any CPU
		{FA2EC91E-DB5E-423C-8B46-5AFA21B435A7}.Release|Any CPU.ActiveCfg = Release|Any CPU
		{FA2EC91E-DB5E-423C-8B46-5AFA21B435A7}.Release|Any CPU.Build.0 = Release|Any CPU
	EndGlobalSection
	GlobalSection(SolutionProperties) = preSolution
		HideSolutionNode = FALSE
	EndGlobalSection
	GlobalSection(ExtensibilityGlobals) = postSolution
		SolutionGuid = {83EB72F0-E0DE-4E93-B90D-E95DE5A1D00E}
	EndGlobalSection
EndGlobal
